
Microsoft Visual Studio Solution File, Format Version 12.00
# Visual Studio Version 17
VisualStudioVersion = 17.8.34330.188
MinimumVisualStudioVersion = 10.0.40219.1
Project("{FAE04EC0-301F-11D3-BF4B-00C04F79EFBC}") = "Blog.ADMIN", "Blog.ADMIN\Blog.ADMIN.csproj", "{82794747-D33D-41A3-9DBA-934B00F2AE41}"
EndProject
Project("{FAE04EC0-301F-11D3-BF4B-00C04F79EFBC}") = "Blog.DATA", "Blog.DATA\Blog.DATA.csproj", "{BE05AB9B-7B64-4B08-BDA7-6F833716E657}"
EndProject
Project("{FAE04EC0-301F-11D3-BF4B-00C04F79EFBC}") = "Blog.WEB", "Blog.WEB\Blog.WEB.csproj", "{7C7515DA-7006-4D0D-896B-20675E81E620}"
EndProject
Global
	GlobalSection(SolutionConfigurationPlatforms) = preSolution
		Debug|Any CPU = Debug|Any CPU
		Release|Any CPU = Release|Any CPU
	EndGlobalSection
	GlobalSection(ProjectConfigurationPlatforms) = postSolution
		{82794747-D33D-41A3-9DBA-934B00F2AE41}.Debug|Any CPU.ActiveCfg = Debug|Any CPU
		{82794747-D33D-41A3-9DBA-934B00F2AE41}.Debug|Any CPU.Build.0 = Debug|Any CPU
		{82794747-D33D-41A3-9DBA-934B00F2AE41}.Release|Any CPU.ActiveCfg = Release|Any CPU
		{82794747-D33D-41A3-9DBA-934B00F2AE41}.Release|Any CPU.Build.0 = Release|Any CPU
		{BE05AB9B-7B64-4B08-BDA7-6F833716E657}.Debug|Any CPU.ActiveCfg = Debug|Any CPU
		{BE05AB9B-7B64-4B08-BDA7-6F833716E657}.Debug|Any CPU.Build.0 = Debug|Any CPU
		{BE05AB9B-7B64-4B08-BDA7-6F833716E657}.Release|Any CPU.ActiveCfg = Release|Any CPU
		{BE05AB9B-7B64-4B08-BDA7-6F833716E657}.Release|Any CPU.Build.0 = Release|Any CPU
		{7C7515DA-7006-4D0D-896B-20675E81E620}.Debug|Any CPU.ActiveCfg = Debug|Any CPU
		{7C7515DA-7006-4D0D-896B-20675E81E620}.Debug|Any CPU.Build.0 = Debug|Any CPU
		{7C7515DA-7006-4D0D-896B-20675E81E620}.Release|Any CPU.ActiveCfg = Release|Any CPU
		{7C7515DA-7006-4D0D-896B-20675E81E620}.Release|Any CPU.Build.0 = Release|Any CPU
	EndGlobalSection
	GlobalSection(SolutionProperties) = preSolution
		HideSolutionNode = FALSE
	EndGlobalSection
	GlobalSection(ExtensibilityGlobals) = postSolution
		SolutionGuid = {BF7AFE8B-125C-4A65-882A-6555A1DFC1BB}
	EndGlobalSection
EndGlobal
